
Microsoft Visual Studio Solution File, Format Version 12.00
# Visual Studio Version 17
VisualStudioVersion = 17.8.34330.188
MinimumVisualStudioVersion = 10.0.40219.1
Project("{FAE04EC0-301F-11D3-BF4B-00C04F79EFBC}") = "ServiceA", "ServiceA\ServiceA.csproj", "{FD15356C-F766-4C76-B3A1-454A4FD22CE3}"
EndProject
Global
	GlobalSection(SolutionConfigurationPlatforms) = preSolution
		Debug|Any CPU = Debug|Any CPU
		Release|Any CPU = Release|Any CPU
	EndGlobalSection
	GlobalSection(ProjectConfigurationPlatforms) = postSolution
		{FD15356C-F766-4C76-B3A1-454A4FD22CE3}.Debug|Any CPU.ActiveCfg = Debug|Any CPU
		{FD15356C-F766-4C76-B3A1-454A4FD22CE3}.Debug|Any CPU.Build.0 = Debug|Any CPU
		{FD15356C-F766-4C76-B3A1-454A4FD22CE3}.Release|Any CPU.ActiveCfg = Release|Any CPU
		{FD15356C-F766-4C76-B3A1-454A4FD22CE3}.Release|Any CPU.Build.0 = Release|Any CPU
	EndGlobalSection
	GlobalSection(SolutionProperties) = preSolution
		HideSolutionNode = FALSE
	EndGlobalSection
	GlobalSection(ExtensibilityGlobals) = postSolution
		SolutionGuid = {EB27F68B-7646-4DEC-A59B-49A8A9BB6131}
	EndGlobalSection
EndGlobal
